
Microsoft Visual Studio Solution File, Format Version 12.00
# Visual Studio Version 17
VisualStudioVersion = 17.4.33213.308
MinimumVisualStudioVersion = 10.0.40219.1
Project("{9A19103F-16F7-4668-BE54-9A1E7A4F7556}") = "Macs.WebApi.Endpoints", "Macs.WebApi.Endpoints\Macs.WebApi.Endpoints.csproj", "{3053CD89-CD8E-400D-ADA4-F887ECE9AD05}"
EndProject
Project("{9A19103F-16F7-4668-BE54-9A1E7A4F7556}") = "Macs.WebApi.Models", "Macs.WebApi.Models\Macs.WebApi.Models.csproj", "{D106452C-DBF1-4E15-B9F9-A9CBA3622030}"
EndProject
Project("{FAE04EC0-301F-11D3-BF4B-00C04F79EFBC}") = "Macs.WebApi.DataAccess", "Macs.WebApi.DataAccess\Macs.WebApi.DataAccess.csproj", "{E08950CC-D8D3-459D-B82F-8BB3CEC1CC14}"
EndProject
Project("{FAE04EC0-301F-11D3-BF4B-00C04F79EFBC}") = "Macs.WebApi.Handlers", "Macs.WebApi.Handlers\Macs.WebApi.Handlers.csproj", "{7CBD6535-C7B8-4869-93ED-7E91FADDF74A}"
EndProject
Global
	GlobalSection(SolutionConfigurationPlatforms) = preSolution
		Debug|Any CPU = Debug|Any CPU
		Release|Any CPU = Release|Any CPU
	EndGlobalSection
	GlobalSection(ProjectConfigurationPlatforms) = postSolution
		{3053CD89-CD8E-400D-ADA4-F887ECE9AD05}.Debug|Any CPU.ActiveCfg = Debug|Any CPU
		{3053CD89-CD8E-400D-ADA4-F887ECE9AD05}.Debug|Any CPU.Build.0 = Debug|Any CPU
		{3053CD89-CD8E-400D-ADA4-F887ECE9AD05}.Release|Any CPU.ActiveCfg = Release|Any CPU
		{3053CD89-CD8E-400D-ADA4-F887ECE9AD05}.Release|Any CPU.Build.0 = Release|Any CPU
		{D106452C-DBF1-4E15-B9F9-A9CBA3622030}.Debug|Any CPU.ActiveCfg = Debug|Any CPU
		{D106452C-DBF1-4E15-B9F9-A9CBA3622030}.Debug|Any CPU.Build.0 = Debug|Any CPU
		{D106452C-DBF1-4E15-B9F9-A9CBA3622030}.Release|Any CPU.ActiveCfg = Release|Any CPU
		{D106452C-DBF1-4E15-B9F9-A9CBA3622030}.Release|Any CPU.Build.0 = Release|Any CPU
		{E08950CC-D8D3-459D-B82F-8BB3CEC1CC14}.Debug|Any CPU.ActiveCfg = Debug|Any CPU
		{E08950CC-D8D3-459D-B82F-8BB3CEC1CC14}.Debug|Any CPU.Build.0 = Debug|Any CPU
		{E08950CC-D8D3-459D-B82F-8BB3CEC1CC14}.Release|Any CPU.ActiveCfg = Release|Any CPU
		{E08950CC-D8D3-459D-B82F-8BB3CEC1CC14}.Release|Any CPU.Build.0 = Release|Any CPU
		{7CBD6535-C7B8-4869-93ED-7E91FADDF74A}.Debug|Any CPU.ActiveCfg = Debug|Any CPU
		{7CBD6535-C7B8-4869-93ED-7E91FADDF74A}.Debug|Any CPU.Build.0 = Debug|Any CPU
		{7CBD6535-C7B8-4869-93ED-7E91FADDF74A}.Release|Any CPU.ActiveCfg = Release|Any CPU
		{7CBD6535-C7B8-4869-93ED-7E91FADDF74A}.Release|Any CPU.Build.0 = Release|Any CPU
	EndGlobalSection
	GlobalSection(SolutionProperties) = preSolution
		HideSolutionNode = FALSE
	EndGlobalSection
	GlobalSection(ExtensibilityGlobals) = postSolution
		SolutionGuid = {5E3E605F-7C92-4198-BABF-EF5DF672326C}
	EndGlobalSection
EndGlobal
